
Microsoft Visual Studio Solution File, Format Version 12.00
# Visual Studio Version 17
VisualStudioVersion = 17.8.34316.72
MinimumVisualStudioVersion = 10.0.40219.1
Project("{8BC9CEB8-8B4A-11D0-8D11-00A0C91BC942}") = "Test01", "Test01.vcxproj", "{61902697-BBB8-445F-826C-352D46FA4074}"
EndProject
Global
	GlobalSection(SolutionConfigurationPlatforms) = preSolution
		Debug|x64 = Debug|x64
		Debug|x86 = Debug|x86
		Release|x64 = Release|x64
		Release|x86 = Release|x86
	EndGlobalSection
	GlobalSection(ProjectConfigurationPlatforms) = postSolution
		{61902697-BBB8-445F-826C-352D46FA4074}.Debug|x64.ActiveCfg = Debug|x64
		{61902697-BBB8-445F-826C-352D46FA4074}.Debug|x64.Build.0 = Debug|x64
		{61902697-BBB8-445F-826C-352D46FA4074}.Debug|x86.ActiveCfg = Debug|Win32
		{61902697-BBB8-445F-826C-352D46FA4074}.Debug|x86.Build.0 = Debug|Win32
		{61902697-BBB8-445F-826C-352D46FA4074}.Release|x64.ActiveCfg = Release|x64
		{61902697-BBB8-445F-826C-352D46FA4074}.Release|x64.Build.0 = Release|x64
		{61902697-BBB8-445F-826C-352D46FA4074}.Release|x86.ActiveCfg = Release|Win32
		{61902697-BBB8-445F-826C-352D46FA4074}.Release|x86.Build.0 = Release|Win32
	EndGlobalSection
	GlobalSection(SolutionProperties) = preSolution
		HideSolutionNode = FALSE
	EndGlobalSection
	GlobalSection(ExtensibilityGlobals) = postSolution
		SolutionGuid = {75EFCDC4-5448-48ED-80C6-E52FF8FC3059}
	EndGlobalSection
EndGlobal
